# This file is automatically @generated by Cargo.
# It is not intended for manual editing.
[[package]]
name = "acoustic_model"
version = "0.1.0"
dependencies = [
 "building_model",
 "calendar",
 "communication_protocols",
 "simulation_state",
 "weather",
]

[[package]]
name = "building_model"
version = "0.1.0"
dependencies = [
 "calendar",
 "geometry3d",
 "simulation_state",
]

[[package]]
name = "calendar"
version = "0.1.0"
dependencies = [
 "serde",
]

[[package]]
name = "communication_protocols"
version = "0.1.0"
dependencies = [
 "building_model",
 "calendar",
 "simulation_state",
 "weather",
]

[[package]]
name = "controller"
version = "0.1.0"
dependencies = [
 "building_model",
 "calendar",
 "erased-serde",
 "multiphysics_model",
 "serde",
 "simulation_state",
 "weather",
]

[[package]]
name = "convection"
version = "0.1.0"
dependencies = [
 "building_model",
]

[[package]]
name = "erased-serde"
version = "0.3.13"
source = "registry+https://github.com/rust-lang/crates.io-index"
checksum = "0465971a8cc1fa2455c8465aaa377131e1f1cf4983280f474a13e68793aa770c"
dependencies = [
 "serde",
]

[[package]]
name = "finite_difference_thermal_model"
version = "0.1.0"
dependencies = [
 "building_model",
 "calendar",
 "communication_protocols",
 "convection",
 "gas_properties",
 "geometry3d",
 "matrix",
 "simulation_state",
 "weather",
]

[[package]]
name = "gas_properties"
version = "0.1.0"

[[package]]
name = "geometry3d"
version = "0.1.0"

[[package]]
name = "itoa"
version = "0.4.7"
source = "registry+https://github.com/rust-lang/crates.io-index"
checksum = "dd25036021b0de88a0aff6b850051563c6516d0bf53f8638938edbb9de732736"

[[package]]
name = "matrix"
version = "0.1.0"

[[package]]
name = "multiphysics_model"
version = "0.1.0"
dependencies = [
 "acoustic_model",
 "building_model",
 "calendar",
 "communication_protocols",
 "finite_difference_thermal_model",
 "simulation_state",
 "solar_model",
 "weather",
]

[[package]]
name = "people"
version = "0.1.0"
dependencies = [
 "building_model",
 "calendar",
 "communication_protocols",
 "controller",
 "erased-serde",
 "multiphysics_model",
 "polynomial",
 "schedule",
 "serde",
 "simulation_state",
 "weather",
]

[[package]]
name = "phd_simulation"
version = "0.1.0"
dependencies = [
 "building_model",
 "calendar",
 "communication_protocols",
 "controller",
 "geometry3d",
 "multiphysics_model",
 "people",
 "polynomial",
 "schedule",
 "serde_json",
 "simple_results",
 "simulation_state",
 "weather",
]

[[package]]
name = "polynomial"
version = "0.1.0"

[[package]]
name = "proc-macro2"
version = "1.0.24"
source = "registry+https://github.com/rust-lang/crates.io-index"
checksum = "1e0704ee1a7e00d7bb417d0770ea303c1bccbabf0ef1667dae92b5967f5f8a71"
dependencies = [
 "unicode-xid",
]

[[package]]
name = "quote"
version = "1.0.9"
source = "registry+https://github.com/rust-lang/crates.io-index"
checksum = "c3d0b9745dc2debf507c8422de05d7226cc1f0644216dfdfead988f9b1ab32a7"
dependencies = [
 "proc-macro2",
]

[[package]]
name = "ryu"
version = "1.0.5"
source = "registry+https://github.com/rust-lang/crates.io-index"
checksum = "71d301d4193d031abdd79ff7e3dd721168a9572ef3fe51a1517aba235bd8f86e"

[[package]]
name = "schedule"
version = "0.1.0"
dependencies = [
 "calendar",
]

[[package]]
name = "serde"
version = "1.0.123"
source = "registry+https://github.com/rust-lang/crates.io-index"
checksum = "92d5161132722baa40d802cc70b15262b98258453e85e5d1d365c757c73869ae"
dependencies = [
 "serde_derive",
]

[[package]]
name = "serde_derive"
version = "1.0.123"
source = "registry+https://github.com/rust-lang/crates.io-index"
checksum = "9391c295d64fc0abb2c556bad848f33cb8296276b1ad2677d1ae1ace4f258f31"
dependencies = [
 "proc-macro2",
 "quote",
 "syn",
]

[[package]]
name = "serde_json"
version = "1.0.64"
source = "registry+https://github.com/rust-lang/crates.io-index"
checksum = "799e97dc9fdae36a5c8b8f2cae9ce2ee9fdce2058c57a93e6099d919fd982f79"
dependencies = [
 "itoa",
 "ryu",
 "serde",
]

[[package]]
name = "simple_results"
version = "0.1.0"
dependencies = [
 "calendar",
 "erased-serde",
 "serde",
 "simulation_state",
 "weather",
]

[[package]]
name = "simulation_state"
version = "0.1.0"
dependencies = [
 "serde",
]

[[package]]
name = "solar_model"
version = "0.1.0"
dependencies = [
 "building_model",
 "calendar",
 "communication_protocols",
 "simulation_state",
 "weather",
]

[[package]]
name = "syn"
version = "1.0.60"
source = "registry+https://github.com/rust-lang/crates.io-index"
checksum = "c700597eca8a5a762beb35753ef6b94df201c81cca676604f547495a0d7f0081"
dependencies = [
 "proc-macro2",
 "quote",
 "unicode-xid",
]

[[package]]
name = "unicode-xid"
version = "0.2.1"
source = "registry+https://github.com/rust-lang/crates.io-index"
checksum = "f7fe0bb3479651439c9112f72b6c505038574c9fbb575ed1bf3b797fa39dd564"

[[package]]
name = "weather"
version = "0.1.0"
dependencies = [
 "calendar",
 "schedule",
 "serde",
]
